// !$*UTF8*$!
{
	archiveVersion = 1;
	classes = {
	};
	objectVersion = 77;
	objects = {

/* Begin PBXBuildFile section */
		C9164D742CFE14B200C3499A /* RickyMortyAppTests.swift in Sources */ = {isa = PBXBuildFile; fileRef = C9164D722CFE14B200C3499A /* RickyMortyAppTests.swift */; };
		C9164D772CFE14C200C3499A /* APIClienteProtocolMock.swift in Sources */ = {isa = PBXBuildFile; fileRef = C9164D762CFE14C200C3499A /* APIClienteProtocolMock.swift */; };
		C9164D7F2CFE218600C3499A /* APIProvider.swift in Sources */ = {isa = PBXBuildFile; fileRef = C9164D7E2CFE218600C3499A /* APIProvider.swift */; };
		C95461262CFE7A590055B082 /* CharactersUseCase.swift in Sources */ = {isa = PBXBuildFile; fileRef = C95461252CFE7A590055B082 /* CharactersUseCase.swift */; };
		C9A09CE52CFFC6FE0038D2C4 /* CharactersRepositoryProtocol.swift in Sources */ = {isa = PBXBuildFile; fileRef = C9A09CE42CFFC6FE0038D2C4 /* CharactersRepositoryProtocol.swift */; };
		C9A09CE82CFFC7DF0038D2C4 /* CharactersRepository.swift in Sources */ = {isa = PBXBuildFile; fileRef = C9A09CE72CFFC7DF0038D2C4 /* CharactersRepository.swift */; };
		C9A09CEB2CFFCE3F0038D2C4 /* CharacterCell.swift in Sources */ = {isa = PBXBuildFile; fileRef = C9A09CE92CFFCE3F0038D2C4 /* CharacterCell.swift */; };
		C9A09CEC2CFFCE3F0038D2C4 /* CharacterCell.xib in Resources */ = {isa = PBXBuildFile; fileRef = C9A09CEA2CFFCE3F0038D2C4 /* CharacterCell.xib */; };
		C9A09CEF2CFFD2910038D2C4 /* UIImageView+extension.swift in Sources */ = {isa = PBXBuildFile; fileRef = C9A09CEE2CFFD2910038D2C4 /* UIImageView+extension.swift */; };
		C9CF6E392CEFA74C00028E87 /* UrlRequest.swift in Sources */ = {isa = PBXBuildFile; fileRef = C9CF6E382CEFA74C00028E87 /* UrlRequest.swift */; };
		C9E373A42CEC27E80044A02C /* CharactersListViewController.xib in Resources */ = {isa = PBXBuildFile; fileRef = C9E373922CEC27E80044A02C /* CharactersListViewController.xib */; };
		C9E373A52CEC27E80044A02C /* SplashViewController.xib in Resources */ = {isa = PBXBuildFile; fileRef = C9E373972CEC27E80044A02C /* SplashViewController.xib */; };
		C9E373A62CEC27E80044A02C /* Assets.xcassets in Resources */ = {isa = PBXBuildFile; fileRef = C9E3739D2CEC27E80044A02C /* Assets.xcassets */; };
		C9E373A82CEC27E80044A02C /* LaunchScreen.storyboard in Resources */ = {isa = PBXBuildFile; fileRef = C9E373A02CEC27E80044A02C /* LaunchScreen.storyboard */; };
		C9E373A92CEC27E80044A02C /* APIEndPoint.swift in Sources */ = {isa = PBXBuildFile; fileRef = C9E373872CEC27E80044A02C /* APIEndPoint.swift */; };
		C9E373AA2CEC27E80044A02C /* APIErrorResponse.swift in Sources */ = {isa = PBXBuildFile; fileRef = C9E373882CEC27E80044A02C /* APIErrorResponse.swift */; };
		C9E373AB2CEC27E80044A02C /* APIRequestBuilder.swift in Sources */ = {isa = PBXBuildFile; fileRef = C9E373892CEC27E80044A02C /* APIRequestBuilder.swift */; };
		C9E373AC2CEC27E80044A02C /* Characters.swift in Sources */ = {isa = PBXBuildFile; fileRef = C9E3738C2CEC27E80044A02C /* Characters.swift */; };
		C9E373AD2CEC27E80044A02C /* CharactersListBuilder.swift in Sources */ = {isa = PBXBuildFile; fileRef = C9E373902CEC27E80044A02C /* CharactersListBuilder.swift */; };
		C9E373AE2CEC27E80044A02C /* CharactersListViewController.swift in Sources */ = {isa = PBXBuildFile; fileRef = C9E373912CEC27E80044A02C /* CharactersListViewController.swift */; };
		C9E373AF2CEC27E80044A02C /* CharactersListViewModel.swift in Sources */ = {isa = PBXBuildFile; fileRef = C9E373932CEC27E80044A02C /* CharactersListViewModel.swift */; };
		C9E373B02CEC27E80044A02C /* SplashBuilder.swift in Sources */ = {isa = PBXBuildFile; fileRef = C9E373952CEC27E80044A02C /* SplashBuilder.swift */; };
		C9E373B12CEC27E80044A02C /* SplashViewController.swift in Sources */ = {isa = PBXBuildFile; fileRef = C9E373962CEC27E80044A02C /* SplashViewController.swift */; };
		C9E373B22CEC27E80044A02C /* SplashViewModel.swift in Sources */ = {isa = PBXBuildFile; fileRef = C9E373982CEC27E80044A02C /* SplashViewModel.swift */; };
		C9E373B32CEC27E80044A02C /* Binding.swift in Sources */ = {isa = PBXBuildFile; fileRef = C9E3739A2CEC27E80044A02C /* Binding.swift */; };
		C9E373B42CEC27E80044A02C /* AppDelegate.swift in Sources */ = {isa = PBXBuildFile; fileRef = C9E3739C2CEC27E80044A02C /* AppDelegate.swift */; };
		C9E373B52CEC27E80044A02C /* SceneDelegate.swift in Sources */ = {isa = PBXBuildFile; fileRef = C9E373A12CEC27E80044A02C /* SceneDelegate.swift */; };
/* End PBXBuildFile section */

/* Begin PBXContainerItemProxy section */
		C9FF00052CBB25D100A80C07 /* PBXContainerItemProxy */ = {
			isa = PBXContainerItemProxy;
			containerPortal = C9FFFFE62CBB25D000A80C07 /* Project object */;
			proxyType = 1;
			remoteGlobalIDString = C9FFFFED2CBB25D000A80C07;
			remoteInfo = RickyMortyApp;
		};
/* End PBXContainerItemProxy section */

/* Begin PBXFileReference section */
		C9164D722CFE14B200C3499A /* RickyMortyAppTests.swift */ = {isa = PBXFileReference; lastKnownFileType = sourcecode.swift; path = RickyMortyAppTests.swift; sourceTree = "<group>"; };
		C9164D762CFE14C200C3499A /* APIClienteProtocolMock.swift */ = {isa = PBXFileReference; lastKnownFileType = sourcecode.swift; path = APIClienteProtocolMock.swift; sourceTree = "<group>"; };
		C9164D7E2CFE218600C3499A /* APIProvider.swift */ = {isa = PBXFileReference; lastKnownFileType = sourcecode.swift; path = APIProvider.swift; sourceTree = "<group>"; };
		C95461252CFE7A590055B082 /* CharactersUseCase.swift */ = {isa = PBXFileReference; lastKnownFileType = sourcecode.swift; path = CharactersUseCase.swift; sourceTree = "<group>"; };
		C9A09CE42CFFC6FE0038D2C4 /* CharactersRepositoryProtocol.swift */ = {isa = PBXFileReference; lastKnownFileType = sourcecode.swift; path = CharactersRepositoryProtocol.swift; sourceTree = "<group>"; };
		C9A09CE72CFFC7DF0038D2C4 /* CharactersRepository.swift */ = {isa = PBXFileReference; lastKnownFileType = sourcecode.swift; path = CharactersRepository.swift; sourceTree = "<group>"; };
		C9A09CE92CFFCE3F0038D2C4 /* CharacterCell.swift */ = {isa = PBXFileReference; lastKnownFileType = sourcecode.swift; path = CharacterCell.swift; sourceTree = "<group>"; };
		C9A09CEA2CFFCE3F0038D2C4 /* CharacterCell.xib */ = {isa = PBXFileReference; lastKnownFileType = file.xib; path = CharacterCell.xib; sourceTree = "<group>"; };
		C9A09CEE2CFFD2910038D2C4 /* UIImageView+extension.swift */ = {isa = PBXFileReference; lastKnownFileType = sourcecode.swift; path = "UIImageView+extension.swift"; sourceTree = "<group>"; };
		C9CF6E382CEFA74C00028E87 /* UrlRequest.swift */ = {isa = PBXFileReference; lastKnownFileType = sourcecode.swift; path = UrlRequest.swift; sourceTree = "<group>"; };
		C9E373872CEC27E80044A02C /* APIEndPoint.swift */ = {isa = PBXFileReference; lastKnownFileType = sourcecode.swift; path = APIEndPoint.swift; sourceTree = "<group>"; };
		C9E373882CEC27E80044A02C /* APIErrorResponse.swift */ = {isa = PBXFileReference; lastKnownFileType = sourcecode.swift; path = APIErrorResponse.swift; sourceTree = "<group>"; };
		C9E373892CEC27E80044A02C /* APIRequestBuilder.swift */ = {isa = PBXFileReference; lastKnownFileType = sourcecode.swift; path = APIRequestBuilder.swift; sourceTree = "<group>"; };
		C9E3738C2CEC27E80044A02C /* Characters.swift */ = {isa = PBXFileReference; lastKnownFileType = sourcecode.swift; path = Characters.swift; sourceTree = "<group>"; };
		C9E373902CEC27E80044A02C /* CharactersListBuilder.swift */ = {isa = PBXFileReference; lastKnownFileType = sourcecode.swift; path = CharactersListBuilder.swift; sourceTree = "<group>"; };
		C9E373912CEC27E80044A02C /* CharactersListViewController.swift */ = {isa = PBXFileReference; lastKnownFileType = sourcecode.swift; path = CharactersListViewController.swift; sourceTree = "<group>"; };
		C9E373922CEC27E80044A02C /* CharactersListViewController.xib */ = {isa = PBXFileReference; lastKnownFileType = file.xib; path = CharactersListViewController.xib; sourceTree = "<group>"; };
		C9E373932CEC27E80044A02C /* CharactersListViewModel.swift */ = {isa = PBXFileReference; lastKnownFileType = sourcecode.swift; path = CharactersListViewModel.swift; sourceTree = "<group>"; };
		C9E373952CEC27E80044A02C /* SplashBuilder.swift */ = {isa = PBXFileReference; lastKnownFileType = sourcecode.swift; path = SplashBuilder.swift; sourceTree = "<group>"; };
		C9E373962CEC27E80044A02C /* SplashViewController.swift */ = {isa = PBXFileReference; lastKnownFileType = sourcecode.swift; path = SplashViewController.swift; sourceTree = "<group>"; };
		C9E373972CEC27E80044A02C /* SplashViewController.xib */ = {isa = PBXFileReference; lastKnownFileType = file.xib; path = SplashViewController.xib; sourceTree = "<group>"; };
		C9E373982CEC27E80044A02C /* SplashViewModel.swift */ = {isa = PBXFileReference; lastKnownFileType = sourcecode.swift; path = SplashViewModel.swift; sourceTree = "<group>"; };
		C9E3739A2CEC27E80044A02C /* Binding.swift */ = {isa = PBXFileReference; lastKnownFileType = sourcecode.swift; path = Binding.swift; sourceTree = "<group>"; };
		C9E3739C2CEC27E80044A02C /* AppDelegate.swift */ = {isa = PBXFileReference; lastKnownFileType = sourcecode.swift; path = AppDelegate.swift; sourceTree = "<group>"; };
		C9E3739D2CEC27E80044A02C /* Assets.xcassets */ = {isa = PBXFileReference; lastKnownFileType = folder.assetcatalog; path = Assets.xcassets; sourceTree = "<group>"; };
		C9E3739E2CEC27E80044A02C /* Info.plist */ = {isa = PBXFileReference; lastKnownFileType = text.plist.xml; path = Info.plist; sourceTree = "<group>"; };
		C9E3739F2CEC27E80044A02C /* Base */ = {isa = PBXFileReference; lastKnownFileType = file.storyboard; name = Base; path = Base.lproj/LaunchScreen.storyboard; sourceTree = "<group>"; };
		C9E373A12CEC27E80044A02C /* SceneDelegate.swift */ = {isa = PBXFileReference; lastKnownFileType = sourcecode.swift; path = SceneDelegate.swift; sourceTree = "<group>"; };
		C9FF00042CBB25D100A80C07 /* RickyMortyAppTests.xctest */ = {isa = PBXFileReference; explicitFileType = wrapper.cfbundle; includeInIndex = 0; path = RickyMortyAppTests.xctest; sourceTree = BUILT_PRODUCTS_DIR; };
		C9FFFFEE2CBB25D000A80C07 /* RickyMortyApp.app */ = {isa = PBXFileReference; explicitFileType = wrapper.application; includeInIndex = 0; path = RickyMortyApp.app; sourceTree = BUILT_PRODUCTS_DIR; };
/* End PBXFileReference section */

/* Begin PBXFrameworksBuildPhase section */
		C9FF00012CBB25D100A80C07 /* Frameworks */ = {
			isa = PBXFrameworksBuildPhase;
			buildActionMask = 2147483647;
			files = (
			);
			runOnlyForDeploymentPostprocessing = 0;
		};
		C9FFFFEB2CBB25D000A80C07 /* Frameworks */ = {
			isa = PBXFrameworksBuildPhase;
			buildActionMask = 2147483647;
			files = (
			);
			runOnlyForDeploymentPostprocessing = 0;
		};
/* End PBXFrameworksBuildPhase section */

/* Begin PBXGroup section */
		C9164D732CFE14B200C3499A /* RickyMortyAppTests */ = {
			isa = PBXGroup;
			children = (
				C9164D752CFE14B500C3499A /* Helpers */,
				C9164D722CFE14B200C3499A /* RickyMortyAppTests.swift */,
			);
			path = RickyMortyAppTests;
			sourceTree = "<group>";
		};
		C9164D752CFE14B500C3499A /* Helpers */ = {
			isa = PBXGroup;
			children = (
				C9164D762CFE14C200C3499A /* APIClienteProtocolMock.swift */,
			);
			path = Helpers;
			sourceTree = "<group>";
		};
		C95461242CFE79840055B082 /* UseCases */ = {
			isa = PBXGroup;
			children = (
				C95461252CFE7A590055B082 /* CharactersUseCase.swift */,
			);
			path = UseCases;
			sourceTree = "<group>";
		};
		C9A09CE32CFFC6EE0038D2C4 /* Protocols */ = {
			isa = PBXGroup;
			children = (
				C9A09CE42CFFC6FE0038D2C4 /* CharactersRepositoryProtocol.swift */,
			);
			path = Protocols;
			sourceTree = "<group>";
		};
		C9A09CE62CFFC7D20038D2C4 /* Repositories */ = {
			isa = PBXGroup;
			children = (
				C9A09CE72CFFC7DF0038D2C4 /* CharactersRepository.swift */,
			);
			path = Repositories;
			sourceTree = "<group>";
		};
		C9A09CED2CFFD2790038D2C4 /* Extensions */ = {
			isa = PBXGroup;
			children = (
				C9A09CEE2CFFD2910038D2C4 /* UIImageView+extension.swift */,
			);
			path = Extensions;
			sourceTree = "<group>";
		};
		C9E3738A2CEC27E80044A02C /* Networking */ = {
			isa = PBXGroup;
			children = (
				C9E373882CEC27E80044A02C /* APIErrorResponse.swift */,
				C9E373892CEC27E80044A02C /* APIRequestBuilder.swift */,
				C9E373872CEC27E80044A02C /* APIEndPoint.swift */,
				C9CF6E382CEFA74C00028E87 /* UrlRequest.swift */,
				C9164D7E2CFE218600C3499A /* APIProvider.swift */,
			);
			path = Networking;
			sourceTree = "<group>";
		};
		C9E3738B2CEC27E80044A02C /* Data */ = {
			isa = PBXGroup;
			children = (
				C9A09CE62CFFC7D20038D2C4 /* Repositories */,
				C9E3738A2CEC27E80044A02C /* Networking */,
			);
			path = Data;
			sourceTree = "<group>";
		};
		C9E3738D2CEC27E80044A02C /* Model */ = {
			isa = PBXGroup;
			children = (
				C9E3738C2CEC27E80044A02C /* Characters.swift */,
			);
			path = Model;
			sourceTree = "<group>";
		};
		C9E3738E2CEC27E80044A02C /* Domain */ = {
			isa = PBXGroup;
			children = (
				C9A09CED2CFFD2790038D2C4 /* Extensions */,
				C9A09CE32CFFC6EE0038D2C4 /* Protocols */,
				C95461242CFE79840055B082 /* UseCases */,
				C9E3738D2CEC27E80044A02C /* Model */,
			);
			path = Domain;
			sourceTree = "<group>";
		};
		C9E3738F2CEC27E80044A02C /* CharacterCell */ = {
			isa = PBXGroup;
			children = (
				C9A09CE92CFFCE3F0038D2C4 /* CharacterCell.swift */,
				C9A09CEA2CFFCE3F0038D2C4 /* CharacterCell.xib */,
			);
			path = CharacterCell;
			sourceTree = "<group>";
		};
		C9E373942CEC27E80044A02C /* CharactersList */ = {
			isa = PBXGroup;
			children = (
				C9E3738F2CEC27E80044A02C /* CharacterCell */,
				C9E373902CEC27E80044A02C /* CharactersListBuilder.swift */,
				C9E373912CEC27E80044A02C /* CharactersListViewController.swift */,
				C9E373922CEC27E80044A02C /* CharactersListViewController.xib */,
				C9E373932CEC27E80044A02C /* CharactersListViewModel.swift */,
			);
			path = CharactersList;
			sourceTree = "<group>";
		};
		C9E373992CEC27E80044A02C /* Splash */ = {
			isa = PBXGroup;
			children = (
				C9E373952CEC27E80044A02C /* SplashBuilder.swift */,
				C9E373962CEC27E80044A02C /* SplashViewController.swift */,
				C9E373972CEC27E80044A02C /* SplashViewController.xib */,
				C9E373982CEC27E80044A02C /* SplashViewModel.swift */,
			);
			path = Splash;
			sourceTree = "<group>";
		};
		C9E3739B2CEC27E80044A02C /* Presentation */ = {
			isa = PBXGroup;
			children = (
				C9E373942CEC27E80044A02C /* CharactersList */,
				C9E373992CEC27E80044A02C /* Splash */,
				C9E3739A2CEC27E80044A02C /* Binding.swift */,
			);
			path = Presentation;
			sourceTree = "<group>";
		};
		C9E373A22CEC27E80044A02C /* Supporting Files */ = {
			isa = PBXGroup;
			children = (
				C9E3739C2CEC27E80044A02C /* AppDelegate.swift */,
				C9E3739D2CEC27E80044A02C /* Assets.xcassets */,
				C9E3739E2CEC27E80044A02C /* Info.plist */,
				C9E373A02CEC27E80044A02C /* LaunchScreen.storyboard */,
				C9E373A12CEC27E80044A02C /* SceneDelegate.swift */,
			);
			path = "Supporting Files";
			sourceTree = "<group>";
		};
		C9E373A32CEC27E80044A02C /* RickyMortyApp */ = {
			isa = PBXGroup;
			children = (
				C9E3738B2CEC27E80044A02C /* Data */,
				C9E3738E2CEC27E80044A02C /* Domain */,
				C9E3739B2CEC27E80044A02C /* Presentation */,
				C9E373A22CEC27E80044A02C /* Supporting Files */,
			);
			path = RickyMortyApp;
			sourceTree = "<group>";
		};
		C9FFFFE52CBB25D000A80C07 = {
			isa = PBXGroup;
			children = (
				C9E373A32CEC27E80044A02C /* RickyMortyApp */,
				C9164D732CFE14B200C3499A /* RickyMortyAppTests */,
				C9FFFFEF2CBB25D000A80C07 /* Products */,
			);
			sourceTree = "<group>";
		};
		C9FFFFEF2CBB25D000A80C07 /* Products */ = {
			isa = PBXGroup;
			children = (
				C9FFFFEE2CBB25D000A80C07 /* RickyMortyApp.app */,
				C9FF00042CBB25D100A80C07 /* RickyMortyAppTests.xctest */,
			);
			name = Products;
			sourceTree = "<group>";
		};
/* End PBXGroup section */

/* Begin PBXNativeTarget section */
		C9FF00032CBB25D100A80C07 /* RickyMortyAppTests */ = {
			isa = PBXNativeTarget;
			buildConfigurationList = C9FF001C2CBB25D100A80C07 /* Build configuration list for PBXNativeTarget "RickyMortyAppTests" */;
			buildPhases = (
				C9FF00002CBB25D100A80C07 /* Sources */,
				C9FF00012CBB25D100A80C07 /* Frameworks */,
				C9FF00022CBB25D100A80C07 /* Resources */,
			);
			buildRules = (
			);
			dependencies = (
				C9FF00062CBB25D100A80C07 /* PBXTargetDependency */,
			);
			name = RickyMortyAppTests;
			packageProductDependencies = (
			);
			productName = RickyMortyAppTests;
			productReference = C9FF00042CBB25D100A80C07 /* RickyMortyAppTests.xctest */;
			productType = "com.apple.product-type.bundle.unit-test";
		};
		C9FFFFED2CBB25D000A80C07 /* RickyMortyApp */ = {
			isa = PBXNativeTarget;
			buildConfigurationList = C9FF00172CBB25D100A80C07 /* Build configuration list for PBXNativeTarget "RickyMortyApp" */;
			buildPhases = (
				C9FFFFEA2CBB25D000A80C07 /* Sources */,
				C9FFFFEB2CBB25D000A80C07 /* Frameworks */,
				C9FFFFEC2CBB25D000A80C07 /* Resources */,
			);
			buildRules = (
			);
			dependencies = (
			);
			name = RickyMortyApp;
			packageProductDependencies = (
			);
			productName = RickyMortyApp;
			productReference = C9FFFFEE2CBB25D000A80C07 /* RickyMortyApp.app */;
			productType = "com.apple.product-type.application";
		};
/* End PBXNativeTarget section */

/* Begin PBXProject section */
		C9FFFFE62CBB25D000A80C07 /* Project object */ = {
			isa = PBXProject;
			attributes = {
				BuildIndependentTargetsInParallel = 1;
				LastSwiftUpdateCheck = 1600;
				LastUpgradeCheck = 1600;
				TargetAttributes = {
					C9FF00032CBB25D100A80C07 = {
						CreatedOnToolsVersion = 16.0;
						TestTargetID = C9FFFFED2CBB25D000A80C07;
					};
					C9FFFFED2CBB25D000A80C07 = {
						CreatedOnToolsVersion = 16.0;
					};
				};
			};
			buildConfigurationList = C9FFFFE92CBB25D000A80C07 /* Build configuration list for PBXProject "RickyMortyApp" */;
			developmentRegion = en;
			hasScannedForEncodings = 0;
			knownRegions = (
				en,
				Base,
			);
			mainGroup = C9FFFFE52CBB25D000A80C07;
			minimizedProjectReferenceProxies = 1;
			preferredProjectObjectVersion = 77;
			productRefGroup = C9FFFFEF2CBB25D000A80C07 /* Products */;
			projectDirPath = "";
			projectRoot = "";
			targets = (
				C9FFFFED2CBB25D000A80C07 /* RickyMortyApp */,
				C9FF00032CBB25D100A80C07 /* RickyMortyAppTests */,
			);
		};
/* End PBXProject section */

/* Begin PBXResourcesBuildPhase section */
		C9FF00022CBB25D100A80C07 /* Resources */ = {
			isa = PBXResourcesBuildPhase;
			buildActionMask = 2147483647;
			files = (
			);
			runOnlyForDeploymentPostprocessing = 0;
		};
		C9FFFFEC2CBB25D000A80C07 /* Resources */ = {
			isa = PBXResourcesBuildPhase;
			buildActionMask = 2147483647;
			files = (
				C9E373A42CEC27E80044A02C /* CharactersListViewController.xib in Resources */,
				C9E373A52CEC27E80044A02C /* SplashViewController.xib in Resources */,
				C9A09CEC2CFFCE3F0038D2C4 /* CharacterCell.xib in Resources */,
				C9E373A62CEC27E80044A02C /* Assets.xcassets in Resources */,
				C9E373A82CEC27E80044A02C /* LaunchScreen.storyboard in Resources */,
			);
			runOnlyForDeploymentPostprocessing = 0;
		};
/* End PBXResourcesBuildPhase section */

/* Begin PBXSourcesBuildPhase section */
		C9FF00002CBB25D100A80C07 /* Sources */ = {
			isa = PBXSourcesBuildPhase;
			buildActionMask = 2147483647;
			files = (
				C9164D742CFE14B200C3499A /* RickyMortyAppTests.swift in Sources */,
				C9164D772CFE14C200C3499A /* APIClienteProtocolMock.swift in Sources */,
			);
			runOnlyForDeploymentPostprocessing = 0;
		};
		C9FFFFEA2CBB25D000A80C07 /* Sources */ = {
			isa = PBXSourcesBuildPhase;
			buildActionMask = 2147483647;
			files = (
				C9E373A92CEC27E80044A02C /* APIEndPoint.swift in Sources */,
				C9A09CE82CFFC7DF0038D2C4 /* CharactersRepository.swift in Sources */,
				C9164D7F2CFE218600C3499A /* APIProvider.swift in Sources */,
				C9E373AA2CEC27E80044A02C /* APIErrorResponse.swift in Sources */,
				C9E373AB2CEC27E80044A02C /* APIRequestBuilder.swift in Sources */,
				C9CF6E392CEFA74C00028E87 /* UrlRequest.swift in Sources */,
				C9E373AC2CEC27E80044A02C /* Characters.swift in Sources */,
				C9E373AD2CEC27E80044A02C /* CharactersListBuilder.swift in Sources */,
				C9E373AE2CEC27E80044A02C /* CharactersListViewController.swift in Sources */,
				C9E373AF2CEC27E80044A02C /* CharactersListViewModel.swift in Sources */,
				C9A09CEF2CFFD2910038D2C4 /* UIImageView+extension.swift in Sources */,
				C9A09CE52CFFC6FE0038D2C4 /* CharactersRepositoryProtocol.swift in Sources */,
				C9E373B02CEC27E80044A02C /* SplashBuilder.swift in Sources */,
				C9E373B12CEC27E80044A02C /* SplashViewController.swift in Sources */,
				C95461262CFE7A590055B082 /* CharactersUseCase.swift in Sources */,
				C9A09CEB2CFFCE3F0038D2C4 /* CharacterCell.swift in Sources */,
				C9E373B22CEC27E80044A02C /* SplashViewModel.swift in Sources */,
				C9E373B32CEC27E80044A02C /* Binding.swift in Sources */,
				C9E373B42CEC27E80044A02C /* AppDelegate.swift in Sources */,
				C9E373B52CEC27E80044A02C /* SceneDelegate.swift in Sources */,
			);
			runOnlyForDeploymentPostprocessing = 0;
		};
/* End PBXSourcesBuildPhase section */

/* Begin PBXTargetDependency section */
		C9FF00062CBB25D100A80C07 /* PBXTargetDependency */ = {
			isa = PBXTargetDependency;
			target = C9FFFFED2CBB25D000A80C07 /* RickyMortyApp */;
			targetProxy = C9FF00052CBB25D100A80C07 /* PBXContainerItemProxy */;
		};
/* End PBXTargetDependency section */

/* Begin PBXVariantGroup section */
		C9E373A02CEC27E80044A02C /* LaunchScreen.storyboard */ = {
			isa = PBXVariantGroup;
			children = (
				C9E3739F2CEC27E80044A02C /* Base */,
			);
			name = LaunchScreen.storyboard;
			sourceTree = "<group>";
		};
/* End PBXVariantGroup section */

/* Begin XCBuildConfiguration section */
		C9FF00182CBB25D100A80C07 /* Debug */ = {
			isa = XCBuildConfiguration;
			buildSettings = {
				ASSETCATALOG_COMPILER_APPICON_NAME = AppIcon;
				ASSETCATALOG_COMPILER_GLOBAL_ACCENT_COLOR_NAME = AccentColor;
				CODE_SIGN_STYLE = Automatic;
				CURRENT_PROJECT_VERSION = 1;
				DEVELOPMENT_TEAM = F7BUD43D47;
				GENERATE_INFOPLIST_FILE = YES;
				INFOPLIST_FILE = "RickyMortyApp/Supporting Files/Info.plist";
				INFOPLIST_KEY_UIApplicationSupportsIndirectInputEvents = YES;
				INFOPLIST_KEY_UILaunchStoryboardName = LaunchScreen;
				INFOPLIST_KEY_UISupportedInterfaceOrientations_iPad = "UIInterfaceOrientationPortrait UIInterfaceOrientationPortraitUpsideDown UIInterfaceOrientationLandscapeLeft UIInterfaceOrientationLandscapeRight";
				INFOPLIST_KEY_UISupportedInterfaceOrientations_iPhone = "UIInterfaceOrientationPortrait UIInterfaceOrientationLandscapeLeft UIInterfaceOrientationLandscapeRight";
				LD_RUNPATH_SEARCH_PATHS = (
					"$(inherited)",
					"@executable_path/Frameworks",
				);
				MARKETING_VERSION = 1.0;
				PRODUCT_BUNDLE_IDENTIFIER = com.kevinhe.RickyMortyApp;
				PRODUCT_NAME = "$(TARGET_NAME)";
				SWIFT_EMIT_LOC_STRINGS = YES;
				SWIFT_VERSION = 5.0;
				TARGETED_DEVICE_FAMILY = "1,2";
			};
			name = Debug;
		};
		C9FF00192CBB25D100A80C07 /* Release */ = {
			isa = XCBuildConfiguration;
			buildSettings = {
				ASSETCATALOG_COMPILER_APPICON_NAME = AppIcon;
				ASSETCATALOG_COMPILER_GLOBAL_ACCENT_COLOR_NAME = AccentColor;
				CODE_SIGN_STYLE = Automatic;
				CURRENT_PROJECT_VERSION = 1;
				DEVELOPMENT_TEAM = F7BUD43D47;
				GENERATE_INFOPLIST_FILE = YES;
				INFOPLIST_FILE = "RickyMortyApp/Supporting Files/Info.plist";
				INFOPLIST_KEY_UIApplicationSupportsIndirectInputEvents = YES;
				INFOPLIST_KEY_UILaunchStoryboardName = LaunchScreen;
				INFOPLIST_KEY_UISupportedInterfaceOrientations_iPad = "UIInterfaceOrientationPortrait UIInterfaceOrientationPortraitUpsideDown UIInterfaceOrientationLandscapeLeft UIInterfaceOrientationLandscapeRight";
				INFOPLIST_KEY_UISupportedInterfaceOrientations_iPhone = "UIInterfaceOrientationPortrait UIInterfaceOrientationLandscapeLeft UIInterfaceOrientationLandscapeRight";
				LD_RUNPATH_SEARCH_PATHS = (
					"$(inherited)",
					"@executable_path/Frameworks",
				);
				MARKETING_VERSION = 1.0;
				PRODUCT_BUNDLE_IDENTIFIER = com.kevinhe.RickyMortyApp;
				PRODUCT_NAME = "$(TARGET_NAME)";
				SWIFT_EMIT_LOC_STRINGS = YES;
				SWIFT_VERSION = 5.0;
				TARGETED_DEVICE_FAMILY = "1,2";
			};
			name = Release;
		};
		C9FF001A2CBB25D100A80C07 /* Debug */ = {
			isa = XCBuildConfiguration;
			buildSettings = {
				ALWAYS_SEARCH_USER_PATHS = NO;
				ASSETCATALOG_COMPILER_GENERATE_SWIFT_ASSET_SYMBOL_EXTENSIONS = YES;
				CLANG_ANALYZER_NONNULL = YES;
				CLANG_ANALYZER_NUMBER_OBJECT_CONVERSION = YES_AGGRESSIVE;
				CLANG_CXX_LANGUAGE_STANDARD = "gnu++20";
				CLANG_ENABLE_MODULES = YES;
				CLANG_ENABLE_OBJC_ARC = YES;
				CLANG_ENABLE_OBJC_WEAK = YES;
				CLANG_WARN_BLOCK_CAPTURE_AUTORELEASING = YES;
				CLANG_WARN_BOOL_CONVERSION = YES;
				CLANG_WARN_COMMA = YES;
				CLANG_WARN_CONSTANT_CONVERSION = YES;
				CLANG_WARN_DEPRECATED_OBJC_IMPLEMENTATIONS = YES;
				CLANG_WARN_DIRECT_OBJC_ISA_USAGE = YES_ERROR;
				CLANG_WARN_DOCUMENTATION_COMMENTS = YES;
				CLANG_WARN_EMPTY_BODY = YES;
				CLANG_WARN_ENUM_CONVERSION = YES;
				CLANG_WARN_INFINITE_RECURSION = YES;
				CLANG_WARN_INT_CONVERSION = YES;
				CLANG_WARN_NON_LITERAL_NULL_CONVERSION = YES;
				CLANG_WARN_OBJC_IMPLICIT_RETAIN_SELF = YES;
				CLANG_WARN_OBJC_LITERAL_CONVERSION = YES;
				CLANG_WARN_OBJC_ROOT_CLASS = YES_ERROR;
				CLANG_WARN_QUOTED_INCLUDE_IN_FRAMEWORK_HEADER = YES;
				CLANG_WARN_RANGE_LOOP_ANALYSIS = YES;
				CLANG_WARN_STRICT_PROTOTYPES = YES;
				CLANG_WARN_SUSPICIOUS_MOVE = YES;
				CLANG_WARN_UNGUARDED_AVAILABILITY = YES_AGGRESSIVE;
				CLANG_WARN_UNREACHABLE_CODE = YES;
				CLANG_WARN__DUPLICATE_METHOD_MATCH = YES;
				COPY_PHASE_STRIP = NO;
				DEBUG_INFORMATION_FORMAT = dwarf;
				ENABLE_STRICT_OBJC_MSGSEND = YES;
				ENABLE_TESTABILITY = YES;
				ENABLE_USER_SCRIPT_SANDBOXING = YES;
				GCC_C_LANGUAGE_STANDARD = gnu17;
				GCC_DYNAMIC_NO_PIC = NO;
				GCC_NO_COMMON_BLOCKS = YES;
				GCC_OPTIMIZATION_LEVEL = 0;
				GCC_PREPROCESSOR_DEFINITIONS = (
					"DEBUG=1",
					"$(inherited)",
				);
				GCC_WARN_64_TO_32_BIT_CONVERSION = YES;
				GCC_WARN_ABOUT_RETURN_TYPE = YES_ERROR;
				GCC_WARN_UNDECLARED_SELECTOR = YES;
				GCC_WARN_UNINITIALIZED_AUTOS = YES_AGGRESSIVE;
				GCC_WARN_UNUSED_FUNCTION = YES;
				GCC_WARN_UNUSED_VARIABLE = YES;
				IPHONEOS_DEPLOYMENT_TARGET = 18.0;
				LOCALIZATION_PREFERS_STRING_CATALOGS = YES;
				MTL_ENABLE_DEBUG_INFO = INCLUDE_SOURCE;
				MTL_FAST_MATH = YES;
				ONLY_ACTIVE_ARCH = YES;
				SDKROOT = iphoneos;
				SWIFT_ACTIVE_COMPILATION_CONDITIONS = "DEBUG $(inherited)";
				SWIFT_OPTIMIZATION_LEVEL = "-Onone";
			};
			name = Debug;
		};
		C9FF001B2CBB25D100A80C07 /* Release */ = {
			isa = XCBuildConfiguration;
			buildSettings = {
				ALWAYS_SEARCH_USER_PATHS = NO;
				ASSETCATALOG_COMPILER_GENERATE_SWIFT_ASSET_SYMBOL_EXTENSIONS = YES;
				CLANG_ANALYZER_NONNULL = YES;
				CLANG_ANALYZER_NUMBER_OBJECT_CONVERSION = YES_AGGRESSIVE;
				CLANG_CXX_LANGUAGE_STANDARD = "gnu++20";
				CLANG_ENABLE_MODULES = YES;
				CLANG_ENABLE_OBJC_ARC = YES;
				CLANG_ENABLE_OBJC_WEAK = YES;
				CLANG_WARN_BLOCK_CAPTURE_AUTORELEASING = YES;
				CLANG_WARN_BOOL_CONVERSION = YES;
				CLANG_WARN_COMMA = YES;
				CLANG_WARN_CONSTANT_CONVERSION = YES;
				CLANG_WARN_DEPRECATED_OBJC_IMPLEMENTATIONS = YES;
				CLANG_WARN_DIRECT_OBJC_ISA_USAGE = YES_ERROR;
				CLANG_WARN_DOCUMENTATION_COMMENTS = YES;
				CLANG_WARN_EMPTY_BODY = YES;
				CLANG_WARN_ENUM_CONVERSION = YES;
				CLANG_WARN_INFINITE_RECURSION = YES;
				CLANG_WARN_INT_CONVERSION = YES;
				CLANG_WARN_NON_LITERAL_NULL_CONVERSION = YES;
				CLANG_WARN_OBJC_IMPLICIT_RETAIN_SELF = YES;
				CLANG_WARN_OBJC_LITERAL_CONVERSION = YES;
				CLANG_WARN_OBJC_ROOT_CLASS = YES_ERROR;
				CLANG_WARN_QUOTED_INCLUDE_IN_FRAMEWORK_HEADER = YES;
				CLANG_WARN_RANGE_LOOP_ANALYSIS = YES;
				CLANG_WARN_STRICT_PROTOTYPES = YES;
				CLANG_WARN_SUSPICIOUS_MOVE = YES;
				CLANG_WARN_UNGUARDED_AVAILABILITY = YES_AGGRESSIVE;
				CLANG_WARN_UNREACHABLE_CODE = YES;
				CLANG_WARN__DUPLICATE_METHOD_MATCH = YES;
				COPY_PHASE_STRIP = NO;
				DEBUG_INFORMATION_FORMAT = "dwarf-with-dsym";
				ENABLE_NS_ASSERTIONS = NO;
				ENABLE_STRICT_OBJC_MSGSEND = YES;
				ENABLE_USER_SCRIPT_SANDBOXING = YES;
				GCC_C_LANGUAGE_STANDARD = gnu17;
				GCC_NO_COMMON_BLOCKS = YES;
				GCC_WARN_64_TO_32_BIT_CONVERSION = YES;
				GCC_WARN_ABOUT_RETURN_TYPE = YES_ERROR;
				GCC_WARN_UNDECLARED_SELECTOR = YES;
				GCC_WARN_UNINITIALIZED_AUTOS = YES_AGGRESSIVE;
				GCC_WARN_UNUSED_FUNCTION = YES;
				GCC_WARN_UNUSED_VARIABLE = YES;
				IPHONEOS_DEPLOYMENT_TARGET = 18.0;
				LOCALIZATION_PREFERS_STRING_CATALOGS = YES;
				MTL_ENABLE_DEBUG_INFO = NO;
				MTL_FAST_MATH = YES;
				SDKROOT = iphoneos;
				SWIFT_COMPILATION_MODE = wholemodule;
				VALIDATE_PRODUCT = YES;
			};
			name = Release;
		};
		C9FF001D2CBB25D100A80C07 /* Debug */ = {
			isa = XCBuildConfiguration;
			buildSettings = {
				BUNDLE_LOADER = "$(TEST_HOST)";
				CODE_SIGN_STYLE = Automatic;
				CURRENT_PROJECT_VERSION = 1;
				DEVELOPMENT_TEAM = F7BUD43D47;
				GENERATE_INFOPLIST_FILE = YES;
				IPHONEOS_DEPLOYMENT_TARGET = 18.0;
				MARKETING_VERSION = 1.0;
				PRODUCT_BUNDLE_IDENTIFIER = com.kevinhe.RickyMortyAppTests;
				PRODUCT_NAME = "$(TARGET_NAME)";
				SWIFT_EMIT_LOC_STRINGS = NO;
				SWIFT_VERSION = 5.0;
				TARGETED_DEVICE_FAMILY = "1,2";
				TEST_HOST = "$(BUILT_PRODUCTS_DIR)/RickyMortyApp.app/$(BUNDLE_EXECUTABLE_FOLDER_PATH)/RickyMortyApp";
			};
			name = Debug;
		};
		C9FF001E2CBB25D100A80C07 /* Release */ = {
			isa = XCBuildConfiguration;
			buildSettings = {
				BUNDLE_LOADER = "$(TEST_HOST)";
				CODE_SIGN_STYLE = Automatic;
				CURRENT_PROJECT_VERSION = 1;
				DEVELOPMENT_TEAM = F7BUD43D47;
				GENERATE_INFOPLIST_FILE = YES;
				IPHONEOS_DEPLOYMENT_TARGET = 18.0;
				MARKETING_VERSION = 1.0;
				PRODUCT_BUNDLE_IDENTIFIER = com.kevinhe.RickyMortyAppTests;
				PRODUCT_NAME = "$(TARGET_NAME)";
				SWIFT_EMIT_LOC_STRINGS = NO;
				SWIFT_VERSION = 5.0;
				TARGETED_DEVICE_FAMILY = "1,2";
				TEST_HOST = "$(BUILT_PRODUCTS_DIR)/RickyMortyApp.app/$(BUNDLE_EXECUTABLE_FOLDER_PATH)/RickyMortyApp";
			};
			name = Release;
		};
/* End XCBuildConfiguration section */

/* Begin XCConfigurationList section */
		C9FF00172CBB25D100A80C07 /* Build configuration list for PBXNativeTarget "RickyMortyApp" */ = {
			isa = XCConfigurationList;
			buildConfigurations = (
				C9FF00182CBB25D100A80C07 /* Debug */,
				C9FF00192CBB25D100A80C07 /* Release */,
			);
			defaultConfigurationIsVisible = 0;
			defaultConfigurationName = Release;
		};
		C9FF001C2CBB25D100A80C07 /* Build configuration list for PBXNativeTarget "RickyMortyAppTests" */ = {
			isa = XCConfigurationList;
			buildConfigurations = (
				C9FF001D2CBB25D100A80C07 /* Debug */,
				C9FF001E2CBB25D100A80C07 /* Release */,
			);
			defaultConfigurationIsVisible = 0;
			defaultConfigurationName = Release;
		};
		C9FFFFE92CBB25D000A80C07 /* Build configuration list for PBXProject "RickyMortyApp" */ = {
			isa = XCConfigurationList;
			buildConfigurations = (
				C9FF001A2CBB25D100A80C07 /* Debug */,
				C9FF001B2CBB25D100A80C07 /* Release */,
			);
			defaultConfigurationIsVisible = 0;
			defaultConfigurationName = Release;
		};
/* End XCConfigurationList section */
	};
	rootObject = C9FFFFE62CBB25D000A80C07 /* Project object */;
}
